{
    "version": 3,
    "terraform_version": "0.11.3",
    "serial": 30,
    "lineage": "e0af7675-4384-496b-a59f-0376e808ae4c",
    "modules": [
        {
            "path": [
                "root"
            ],
            "outputs": {},
            "resources": {
                "aws_elb.elb-public": {
                    "type": "aws_elb",
                    "depends_on": [
                        "aws_instance.admin-logging-az-1",
                        "aws_instance.admin-monitoring-az-1",
                        "aws_instance.swarm-manager-az-1",
                        "aws_security_group.elb-public",
                        "aws_subnet.az-1-public",
                        "random_id.env-instance"
                    ],
                    "primary": {
                        "id": "prod-bdth-elb-us-east-1",
                        "attributes": {
                            "access_logs.#": "0",
                            "arn": "arn:aws:elasticloadbalancing:us-east-1:728253853328:loadbalancer/prod-bdth-elb-us-east-1",
                            "availability_zones.#": "1",
                            "availability_zones.3569565595": "us-east-1a",
                            "connection_draining": "true",
                            "connection_draining_timeout": "400",
                            "cross_zone_load_balancing": "true",
                            "dns_name": "prod-bdth-elb-us-east-1-429082348.us-east-1.elb.amazonaws.com",
                            "health_check.#": "1",
                            "health_check.0.healthy_threshold": "4",
                            "health_check.0.interval": "15",
                            "health_check.0.target": "TCP:81",
                            "health_check.0.timeout": "3",
                            "health_check.0.unhealthy_threshold": "4",
                            "id": "prod-bdth-elb-us-east-1",
                            "idle_timeout": "400",
                            "instances.#": "3",
                            "instances.2129208829": "i-0bf0c254aee417fac",
                            "instances.2395507007": "i-077853f83ad44d7ee",
                            "instances.3419115023": "i-000a64ccde0afffcf",
                            "internal": "false",
                            "listener.#": "1",
                            "listener.742900092.instance_port": "81",
                            "listener.742900092.instance_protocol": "tcp",
                            "listener.742900092.lb_port": "80",
                            "listener.742900092.lb_protocol": "tcp",
                            "listener.742900092.ssl_certificate_id": "",
                            "name": "prod-bdth-elb-us-east-1",
                            "security_groups.#": "1",
                            "security_groups.842913563": "sg-875bd0f1",
                            "source_security_group": "728253853328/prod.bdth-sg.us-east-1-elb",
                            "source_security_group_id": "sg-875bd0f1",
                            "subnets.#": "1",
                            "subnets.338273538": "subnet-3eb5bd5a",
                            "tags.%": "3",
                            "tags.Name": "bdth-admin.prod-bdth-elb-us-east-1",
                            "tags.bdth.environment": "prod",
                            "tags.bdth.environment-instance-id": "T6_k92N7toU",
                            "zone_id": "Z35SXDOTRQ7X7K"
                        },
                        "meta": {},
                        "tainted": false
                    },
                    "deposed": [],
                    "provider": "provider.aws"
                },
                "aws_instance.admin-logging-az-1": {
                    "type": "aws_instance",
                    "depends_on": [
                        "aws_security_group.public_admin-logging",
                        "aws_subnet.az-1-public",
                        "random_id.env-instance"
                    ],
                    "primary": {
                        "id": "i-077853f83ad44d7ee",
                        "attributes": {
                            "ami": "ami-cd0f5cb6",
                            "associate_public_ip_address": "true",
                            "availability_zone": "us-east-1a",
                            "disable_api_termination": "false",
                            "ebs_block_device.#": "0",
                            "ebs_optimized": "false",
                            "ephemeral_block_device.#": "0",
                            "iam_instance_profile": "",
                            "id": "i-077853f83ad44d7ee",
                            "instance_state": "running",
                            "instance_type": "t2.large",
                            "ipv6_addresses.#": "0",
                            "key_name": "jra-build",
                            "monitoring": "true",
                            "network_interface.#": "0",
                            "network_interface_id": "eni-0eecef8e",
                            "placement_group": "",
                            "primary_network_interface_id": "eni-0eecef8e",
                            "private_dns": "ip-10-0-0-75.ec2.internal",
                            "private_ip": "10.0.0.75",
                            "public_dns": "ec2-34-201-26-220.compute-1.amazonaws.com",
                            "public_ip": "34.201.26.220",
                            "root_block_device.#": "1",
                            "root_block_device.0.delete_on_termination": "true",
                            "root_block_device.0.iops": "100",
                            "root_block_device.0.volume_id": "vol-037360bd8a0590a2e",
                            "root_block_device.0.volume_size": "8",
                            "root_block_device.0.volume_type": "gp2",
                            "security_groups.#": "0",
                            "source_dest_check": "true",
                            "subnet_id": "subnet-3eb5bd5a",
                            "tags.%": "9",
                            "tags.Name": "bdth-admin.prod.instance.swarm-worker.admin-logging.prod.us-east-1a",
                            "tags.bdth.environment": "prod",
                            "tags.bdth.environment-instance-id": "T6_k92N7toU",
                            "tags.bdth.failure-zone": "us-east-1-az-1",
                            "tags.bdth.instance-name": "admin-logging-us-east-1-az-1",
                            "tags.bdth.instance-name-full": "bdth-admin.prod.instance.swarm-worker.admin-logging.prod.us-east-1a",
                            "tags.bdth.subnet-type": "public",
                            "tags.bdth.swarm-instance-type": "swarm-worker",
                            "tags.bdth.swarm-node-type": "admin-logging",
                            "tenancy": "default",
                            "volume_tags.%": "0",
                            "vpc_security_group_ids.#": "1",
                            "vpc_security_group_ids.2484021250": "sg-d142c9a7"
                        },
                        "meta": {
                            "e2bfb730-ecaa-11e6-8f88-34363bc7c4c0": {
                                "create": 600000000000,
                                "delete": 1200000000000,
                                "update": 600000000000
                            },
                            "schema_version": "1"
                        },
                        "tainted": false
                    },
                    "deposed": [],
                    "provider": "provider.aws"
                },
                "aws_instance.admin-monitoring-az-1": {
                    "type": "aws_instance",
                    "depends_on": [
                        "aws_security_group.public_admin-monitoring",
                        "aws_subnet.az-1-public",
                        "random_id.env-instance"
                    ],
                    "primary": {
                        "id": "i-000a64ccde0afffcf",
                        "attributes": {
                            "ami": "ami-cd0f5cb6",
                            "associate_public_ip_address": "true",
                            "availability_zone": "us-east-1a",
                            "disable_api_termination": "false",
                            "ebs_block_device.#": "0",
                            "ebs_optimized": "false",
                            "ephemeral_block_device.#": "0",
                            "iam_instance_profile": "",
                            "id": "i-000a64ccde0afffcf",
                            "instance_state": "running",
                            "instance_type": "t2.large",
                            "ipv6_addresses.#": "0",
                            "key_name": "jra-build",
                            "monitoring": "true",
                            "network_interface.#": "0",
                            "network_interface_id": "eni-63f2f1e3",
                            "placement_group": "",
                            "primary_network_interface_id": "eni-63f2f1e3",
                            "private_dns": "ip-10-0-0-42.ec2.internal",
                            "private_ip": "10.0.0.42",
                            "public_dns": "ec2-34-234-225-54.compute-1.amazonaws.com",
                            "public_ip": "34.234.225.54",
                            "root_block_device.#": "1",
                            "root_block_device.0.delete_on_termination": "true",
                            "root_block_device.0.iops": "100",
                            "root_block_device.0.volume_id": "vol-0e8a0b86f2c043135",
                            "root_block_device.0.volume_size": "8",
                            "root_block_device.0.volume_type": "gp2",
                            "security_groups.#": "0",
                            "source_dest_check": "true",
                            "subnet_id": "subnet-3eb5bd5a",
                            "tags.%": "9",
                            "tags.Name": "bdth-admin.prod.instance.swarm-worker.admin-monitoring.prod.us-east-1a",
                            "tags.bdth.environment": "prod",
                            "tags.bdth.environment-instance-id": "T6_k92N7toU",
                            "tags.bdth.failure-zone": "us-east-1-az-1",
                            "tags.bdth.instance-name": "admin-monitoring-us-east-1-az-1",
                            "tags.bdth.instance-name-full": "bdth-admin.prod.instance.swarm-worker.admin-monitoring.prod.us-east-1a",
                            "tags.bdth.subnet-type": "public",
                            "tags.bdth.swarm-instance-type": "swarm-worker",
                            "tags.bdth.swarm-node-type": "admin-monitoring",
                            "tenancy": "default",
                            "volume_tags.%": "0",
                            "vpc_security_group_ids.#": "1",
                            "vpc_security_group_ids.2490461963": "sg-0859d27e"
                        },
                        "meta": {
                            "e2bfb730-ecaa-11e6-8f88-34363bc7c4c0": {
                                "create": 600000000000,
                                "delete": 1200000000000,
                                "update": 600000000000
                            },
                            "schema_version": "1"
                        },
                        "tainted": false
                    },
                    "deposed": [],
                    "provider": "provider.aws"
                },
                "aws_instance.swarm-manager-az-1": {
                    "type": "aws_instance",
                    "depends_on": [
                        "aws_security_group.public_swarm-manager",
                        "aws_subnet.az-1-public",
                        "random_id.env-instance"
                    ],
                    "primary": {
                        "id": "i-0bf0c254aee417fac",
                        "attributes": {
                            "ami": "ami-cd0f5cb6",
                            "associate_public_ip_address": "true",
                            "availability_zone": "us-east-1a",
                            "disable_api_termination": "false",
                            "ebs_block_device.#": "0",
                            "ebs_optimized": "false",
                            "ephemeral_block_device.#": "0",
                            "iam_instance_profile": "",
                            "id": "i-0bf0c254aee417fac",
                            "instance_state": "running",
                            "instance_type": "t2.micro",
                            "ipv6_addresses.#": "0",
                            "key_name": "jra-build",
                            "monitoring": "true",
                            "network_interface.#": "0",
                            "network_interface_id": "eni-98f3f018",
                            "placement_group": "",
                            "primary_network_interface_id": "eni-98f3f018",
                            "private_dns": "ip-10-0-0-192.ec2.internal",
                            "private_ip": "10.0.0.192",
                            "public_dns": "ec2-34-206-1-206.compute-1.amazonaws.com",
                            "public_ip": "34.206.1.206",
                            "root_block_device.#": "1",
                            "root_block_device.0.delete_on_termination": "true",
                            "root_block_device.0.iops": "100",
                            "root_block_device.0.volume_id": "vol-0379311b0e8151e45",
                            "root_block_device.0.volume_size": "8",
                            "root_block_device.0.volume_type": "gp2",
                            "security_groups.#": "0",
                            "source_dest_check": "true",
                            "subnet_id": "subnet-3eb5bd5a",
                            "tags.%": "9",
                            "tags.Name": "bdth-admin.prod.instance.swarm-worker.swarm-manager.prod.us-east-1a",
                            "tags.bdth.environment": "prod",
                            "tags.bdth.environment-instance-id": "T6_k92N7toU",
                            "tags.bdth.failure-zone": "us-east-1-az-1",
                            "tags.bdth.instance-name": "swarm-manager-us-east-1-az-1",
                            "tags.bdth.instance-name-full": "bdth-admin.prod.instance.swarm-worker.swarm-manager.prod.us-east-1a",
                            "tags.bdth.subnet-type": "public",
                            "tags.bdth.swarm-instance-type": "swarm-manager",
                            "tags.bdth.swarm-node-type": "swarm-manager",
                            "tenancy": "default",
                            "volume_tags.%": "0",
                            "vpc_security_group_ids.#": "1",
                            "vpc_security_group_ids.2846443141": "sg-a34ac1d5"
                        },
                        "meta": {
                            "e2bfb730-ecaa-11e6-8f88-34363bc7c4c0": {
                                "create": 600000000000,
                                "delete": 1200000000000,
                                "update": 600000000000
                            },
                            "schema_version": "1"
                        },
                        "tainted": false
                    },
                    "deposed": [],
                    "provider": "provider.aws"
                },
                "aws_internet_gateway.bdth_igw": {
                    "type": "aws_internet_gateway",
                    "depends_on": [
                        "aws_vpc.bdth_admin_vpc",
                        "random_id.env-instance"
                    ],
                    "primary": {
                        "id": "igw-6c9e4c14",
                        "attributes": {
                            "id": "igw-6c9e4c14",
                            "tags.%": "3",
                            "tags.Name": "bdth-admin.prod.igw.us-east-1",
                            "tags.bdth.environment": "prod",
                            "tags.bdth.environment-instance-id": "T6_k92N7toU",
                            "vpc_id": "vpc-552f932e"
                        },
                        "meta": {},
                        "tainted": false
                    },
                    "deposed": [],
                    "provider": "provider.aws"
                },
                "aws_route_table.private": {
                    "type": "aws_route_table",
                    "depends_on": [
                        "aws_internet_gateway.bdth_igw",
                        "aws_vpc.bdth_admin_vpc",
                        "random_id.env-instance"
                    ],
                    "primary": {
                        "id": "rtb-bc59f5c0",
                        "attributes": {
                            "id": "rtb-bc59f5c0",
                            "propagating_vgws.#": "0",
                            "route.#": "1",
                            "route.3280135734.cidr_block": "0.0.0.0/0",
                            "route.3280135734.egress_only_gateway_id": "",
                            "route.3280135734.gateway_id": "igw-6c9e4c14",
                            "route.3280135734.instance_id": "",
                            "route.3280135734.ipv6_cidr_block": "",
                            "route.3280135734.nat_gateway_id": "",
                            "route.3280135734.network_interface_id": "",
                            "route.3280135734.vpc_peering_connection_id": "",
                            "tags.%": "3",
                            "tags.Name": "bdth-admin.prod.route-table.us-east-1-private",
                            "tags.bdth.environment": "prod",
                            "tags.bdth.environment-instance-id": "T6_k92N7toU",
                            "vpc_id": "vpc-552f932e"
                        },
                        "meta": {},
                        "tainted": false
                    },
                    "deposed": [],
                    "provider": "provider.aws"
                },
                "aws_route_table.public": {
                    "type": "aws_route_table",
                    "depends_on": [
                        "aws_internet_gateway.bdth_igw",
                        "aws_vpc.bdth_admin_vpc",
                        "random_id.env-instance"
                    ],
                    "primary": {
                        "id": "rtb-f728848b",
                        "attributes": {
                            "id": "rtb-f728848b",
                            "propagating_vgws.#": "0",
                            "route.#": "1",
                            "route.3280135734.cidr_block": "0.0.0.0/0",
                            "route.3280135734.egress_only_gateway_id": "",
                            "route.3280135734.gateway_id": "igw-6c9e4c14",
                            "route.3280135734.instance_id": "",
                            "route.3280135734.ipv6_cidr_block": "",
                            "route.3280135734.nat_gateway_id": "",
                            "route.3280135734.network_interface_id": "",
                            "route.3280135734.vpc_peering_connection_id": "",
                            "tags.%": "3",
                            "tags.Name": "bdth-admin.prod.route-table.us-east-1-public",
                            "tags.bdth.environment": "prod",
                            "tags.bdth.environment-instance-id": "T6_k92N7toU",
                            "vpc_id": "vpc-552f932e"
                        },
                        "meta": {},
                        "tainted": false
                    },
                    "deposed": [],
                    "provider": "provider.aws"
                },
                "aws_route_table_association.az-1-public": {
                    "type": "aws_route_table_association",
                    "depends_on": [
                        "aws_route_table.public",
                        "aws_subnet.az-1-public"
                    ],
                    "primary": {
                        "id": "rtbassoc-0db1ba71",
                        "attributes": {
                            "id": "rtbassoc-0db1ba71",
                            "route_table_id": "rtb-f728848b",
                            "subnet_id": "subnet-3eb5bd5a"
                        },
                        "meta": {},
                        "tainted": false
                    },
                    "deposed": [],
                    "provider": "provider.aws"
                },
                "aws_security_group.elb-public": {
                    "type": "aws_security_group",
                    "depends_on": [
                        "aws_vpc.bdth_admin_vpc",
                        "random_id.env-instance"
                    ],
                    "primary": {
                        "id": "sg-875bd0f1",
                        "attributes": {
                            "description": "Security groups for public logging elb",
                            "egress.#": "1",
                            "egress.482069346.cidr_blocks.#": "1",
                            "egress.482069346.cidr_blocks.0": "0.0.0.0/0",
                            "egress.482069346.description": "",
                            "egress.482069346.from_port": "0",
                            "egress.482069346.ipv6_cidr_blocks.#": "0",
                            "egress.482069346.prefix_list_ids.#": "0",
                            "egress.482069346.protocol": "-1",
                            "egress.482069346.security_groups.#": "0",
                            "egress.482069346.self": "false",
                            "egress.482069346.to_port": "0",
                            "id": "sg-875bd0f1",
                            "ingress.#": "1",
                            "ingress.482069346.cidr_blocks.#": "1",
                            "ingress.482069346.cidr_blocks.0": "0.0.0.0/0",
                            "ingress.482069346.description": "",
                            "ingress.482069346.from_port": "0",
                            "ingress.482069346.ipv6_cidr_blocks.#": "0",
                            "ingress.482069346.protocol": "-1",
                            "ingress.482069346.security_groups.#": "0",
                            "ingress.482069346.self": "false",
                            "ingress.482069346.to_port": "0",
                            "name": "prod.bdth-sg.us-east-1-elb",
                            "owner_id": "728253853328",
                            "revoke_rules_on_delete": "false",
                            "tags.%": "3",
                            "tags.Name": "bdth-admin.prod.sg.us-east-1-elb",
                            "tags.bdth.environment": "prod",
                            "tags.bdth.environment-instance-id": "T6_k92N7toU",
                            "vpc_id": "vpc-552f932e"
                        },
                        "meta": {
                            "schema_version": "1"
                        },
                        "tainted": false
                    },
                    "deposed": [],
                    "provider": "provider.aws"
                },
                "aws_security_group.public_admin-logging": {
                    "type": "aws_security_group",
                    "depends_on": [
                        "aws_vpc.bdth_admin_vpc",
                        "random_id.env-instance"
                    ],
                    "primary": {
                        "id": "sg-d142c9a7",
                        "attributes": {
                            "description": "Security groups for public web apis",
                            "egress.#": "1",
                            "egress.482069346.cidr_blocks.#": "1",
                            "egress.482069346.cidr_blocks.0": "0.0.0.0/0",
                            "egress.482069346.description": "",
                            "egress.482069346.from_port": "0",
                            "egress.482069346.ipv6_cidr_blocks.#": "0",
                            "egress.482069346.prefix_list_ids.#": "0",
                            "egress.482069346.protocol": "-1",
                            "egress.482069346.security_groups.#": "0",
                            "egress.482069346.self": "false",
                            "egress.482069346.to_port": "0",
                            "id": "sg-d142c9a7",
                            "ingress.#": "1",
                            "ingress.482069346.cidr_blocks.#": "1",
                            "ingress.482069346.cidr_blocks.0": "0.0.0.0/0",
                            "ingress.482069346.description": "",
                            "ingress.482069346.from_port": "0",
                            "ingress.482069346.ipv6_cidr_blocks.#": "0",
                            "ingress.482069346.protocol": "-1",
                            "ingress.482069346.security_groups.#": "0",
                            "ingress.482069346.self": "false",
                            "ingress.482069346.to_port": "0",
                            "name": "prod.bdth-sg.us-east-1-public-admin-logging",
                            "owner_id": "728253853328",
                            "revoke_rules_on_delete": "false",
                            "tags.%": "3",
                            "tags.Name": "bdth-admin.prod.sg.us-east-1-public-admin-logging",
                            "tags.bdth.environment": "prod",
                            "tags.bdth.environment-instance-id": "T6_k92N7toU",
                            "vpc_id": "vpc-552f932e"
                        },
                        "meta": {
                            "schema_version": "1"
                        },
                        "tainted": false
                    },
                    "deposed": [],
                    "provider": "provider.aws"
                },
                "aws_security_group.public_admin-monitoring": {
                    "type": "aws_security_group",
                    "depends_on": [
                        "aws_vpc.bdth_admin_vpc",
                        "random_id.env-instance"
                    ],
                    "primary": {
                        "id": "sg-0859d27e",
                        "attributes": {
                            "description": "Security groups for public web apis",
                            "egress.#": "1",
                            "egress.482069346.cidr_blocks.#": "1",
                            "egress.482069346.cidr_blocks.0": "0.0.0.0/0",
                            "egress.482069346.description": "",
                            "egress.482069346.from_port": "0",
                            "egress.482069346.ipv6_cidr_blocks.#": "0",
                            "egress.482069346.prefix_list_ids.#": "0",
                            "egress.482069346.protocol": "-1",
                            "egress.482069346.security_groups.#": "0",
                            "egress.482069346.self": "false",
                            "egress.482069346.to_port": "0",
                            "id": "sg-0859d27e",
                            "ingress.#": "1",
                            "ingress.482069346.cidr_blocks.#": "1",
                            "ingress.482069346.cidr_blocks.0": "0.0.0.0/0",
                            "ingress.482069346.description": "",
                            "ingress.482069346.from_port": "0",
                            "ingress.482069346.ipv6_cidr_blocks.#": "0",
                            "ingress.482069346.protocol": "-1",
                            "ingress.482069346.security_groups.#": "0",
                            "ingress.482069346.self": "false",
                            "ingress.482069346.to_port": "0",
                            "name": "prod.bdth-sg.us-east-1-public-admin-monitoring",
                            "owner_id": "728253853328",
                            "revoke_rules_on_delete": "false",
                            "tags.%": "3",
                            "tags.Name": "bdth-admin.prod.sg.us-east-1-public-admin-monitoring",
                            "tags.bdth.environment": "prod",
                            "tags.bdth.environment-instance-id": "T6_k92N7toU",
                            "vpc_id": "vpc-552f932e"
                        },
                        "meta": {
                            "schema_version": "1"
                        },
                        "tainted": false
                    },
                    "deposed": [],
                    "provider": "provider.aws"
                },
                "aws_security_group.public_swarm-manager": {
                    "type": "aws_security_group",
                    "depends_on": [
                        "aws_vpc.bdth_admin_vpc",
                        "random_id.env-instance"
                    ],
                    "primary": {
                        "id": "sg-a34ac1d5",
                        "attributes": {
                            "description": "Security Group for public web ui apps",
                            "egress.#": "1",
                            "egress.482069346.cidr_blocks.#": "1",
                            "egress.482069346.cidr_blocks.0": "0.0.0.0/0",
                            "egress.482069346.description": "",
                            "egress.482069346.from_port": "0",
                            "egress.482069346.ipv6_cidr_blocks.#": "0",
                            "egress.482069346.prefix_list_ids.#": "0",
                            "egress.482069346.protocol": "-1",
                            "egress.482069346.security_groups.#": "0",
                            "egress.482069346.self": "false",
                            "egress.482069346.to_port": "0",
                            "id": "sg-a34ac1d5",
                            "ingress.#": "1",
                            "ingress.482069346.cidr_blocks.#": "1",
                            "ingress.482069346.cidr_blocks.0": "0.0.0.0/0",
                            "ingress.482069346.description": "",
                            "ingress.482069346.from_port": "0",
                            "ingress.482069346.ipv6_cidr_blocks.#": "0",
                            "ingress.482069346.protocol": "-1",
                            "ingress.482069346.security_groups.#": "0",
                            "ingress.482069346.self": "false",
                            "ingress.482069346.to_port": "0",
                            "name": "prod.bdth-sg.us-east-1-public-swarm-manager",
                            "owner_id": "728253853328",
                            "revoke_rules_on_delete": "false",
                            "tags.%": "3",
                            "tags.Name": "bdth-admin.prod.sg.us-east-1-public-swarm-manager",
                            "tags.bdth.environment": "prod",
                            "tags.bdth.environment-instance-id": "T6_k92N7toU",
                            "vpc_id": "vpc-552f932e"
                        },
                        "meta": {
                            "schema_version": "1"
                        },
                        "tainted": false
                    },
                    "deposed": [],
                    "provider": "provider.aws"
                },
                "aws_subnet.az-1-public": {
                    "type": "aws_subnet",
                    "depends_on": [
                        "aws_vpc.bdth_admin_vpc",
                        "random_id.env-instance"
                    ],
                    "primary": {
                        "id": "subnet-3eb5bd5a",
                        "attributes": {
                            "assign_ipv6_address_on_creation": "false",
                            "availability_zone": "us-east-1a",
                            "cidr_block": "10.0.0.0/24",
                            "id": "subnet-3eb5bd5a",
                            "map_public_ip_on_launch": "true",
                            "tags.%": "4",
                            "tags.Name": "bdth-admin.prod.subnet.us-east-1a-public",
                            "tags.bdth.environment": "prod",
                            "tags.bdth.environment-instance-id": "T6_k92N7toU",
                            "tags.bdth.failure-zone": "us-east-1-az-1",
                            "vpc_id": "vpc-552f932e"
                        },
                        "meta": {
                            "schema_version": "1"
                        },
                        "tainted": false
                    },
                    "deposed": [],
                    "provider": "provider.aws"
                },
                "aws_vpc.bdth_admin_vpc": {
                    "type": "aws_vpc",
                    "depends_on": [
                        "random_id.env-instance"
                    ],
                    "primary": {
                        "id": "vpc-552f932e",
                        "attributes": {
                            "assign_generated_ipv6_cidr_block": "false",
                            "cidr_block": "10.0.0.0/16",
                            "default_network_acl_id": "acl-be5e55c5",
                            "default_route_table_id": "rtb-7150fc0d",
                            "default_security_group_id": "sg-7d5fd40b",
                            "dhcp_options_id": "dopt-f02aef88",
                            "enable_classiclink": "false",
                            "enable_classiclink_dns_support": "false",
                            "enable_dns_hostnames": "true",
                            "enable_dns_support": "true",
                            "id": "vpc-552f932e",
                            "instance_tenancy": "default",
                            "main_route_table_id": "rtb-7150fc0d",
                            "tags.%": "3",
                            "tags.Name": "bdth-admin.prod.vpc.us-east-1",
                            "tags.bdth.environment": "prod",
                            "tags.bdth.environment-instance-id": "T6_k92N7toU"
                        },
                        "meta": {
                            "schema_version": "1"
                        },
                        "tainted": false
                    },
                    "deposed": [],
                    "provider": "provider.aws"
                },
                "random_id.env-instance": {
                    "type": "random_id",
                    "depends_on": [],
                    "primary": {
                        "id": "T6_k92N7toU",
                        "attributes": {
                            "b64": "T6_k92N7toU",
                            "b64_std": "T6/k92N7toU=",
                            "b64_url": "T6_k92N7toU",
                            "byte_length": "8",
                            "dec": "5742059801097778821",
                            "hex": "4fafe4f7637bb685",
                            "id": "T6_k92N7toU"
                        },
                        "meta": {},
                        "tainted": false
                    },
                    "deposed": [],
                    "provider": "provider.random"
                }
            },
            "depends_on": []
        }
    ]
}
