{
    "version": 3,
    "terraform_version": "0.11.3",
    "serial": 8,
    "lineage": "b0054bc3-8318-4f5d-89f7-1278535f6145",
    "modules": [
        {
            "path": [
                "root"
            ],
            "outputs": {},
            "resources": {
                "aws_emr_cluster.emr-cluster": {
                    "type": "aws_emr_cluster",
                    "depends_on": [
                        "aws_iam_instance_profile.emr_profile",
                        "aws_iam_role.iam_emr_service_role",
                        "aws_security_group.emr-master",
                        "aws_security_group.emr-slave",
                        "aws_subnet.az-1-public",
                        "random_id.env-instance"
                    ],
                    "primary": {
                        "id": "j-KBAFWD3PFUAM",
                        "attributes": {
                            "applications.#": "5",
                            "applications.1557323817": "Spark",
                            "applications.2086606022": "Hive",
                            "applications.2430401924": "Ganglia",
                            "applications.3006569794": "Hadoop",
                            "applications.3652851695": "Zeppelin",
                            "autoscaling_role": "",
                            "bootstrap_action.#": "0",
                            "cluster_state": "WAITING",
                            "core_instance_type": "m4.xlarge",
                            "ebs_root_volume_size": "100",
                            "ec2_attributes.#": "1",
                            "ec2_attributes.0.additional_master_security_groups": "",
                            "ec2_attributes.0.additional_slave_security_groups": "",
                            "ec2_attributes.0.emr_managed_master_security_group": "sg-94a02be2",
                            "ec2_attributes.0.emr_managed_slave_security_group": "sg-32ab2044",
                            "ec2_attributes.0.instance_profile": "arn:aws:iam::728253853328:instance-profile/emr_profile",
                            "ec2_attributes.0.key_name": "jra-build",
                            "ec2_attributes.0.service_access_security_group": "",
                            "ec2_attributes.0.subnet_id": "subnet-9aafa7fe",
                            "id": "j-KBAFWD3PFUAM",
                            "instance_group.#": "2",
                            "instance_group.2440547990.autoscaling_policy": "",
                            "instance_group.2440547990.bid_price": "0.08",
                            "instance_group.2440547990.ebs_config.#": "1",
                            "instance_group.2440547990.ebs_config.3437336639.iops": "0",
                            "instance_group.2440547990.ebs_config.3437336639.size": "32",
                            "instance_group.2440547990.ebs_config.3437336639.type": "gp2",
                            "instance_group.2440547990.ebs_config.3437336639.volumes_per_instance": "1",
                            "instance_group.2440547990.instance_count": "1",
                            "instance_group.2440547990.instance_role": "MASTER",
                            "instance_group.2440547990.instance_type": "m4.xlarge",
                            "instance_group.2440547990.name": "bdth-emr.prod.instance.master.us-east-1",
                            "instance_group.2648410127.autoscaling_policy": "",
                            "instance_group.2648410127.bid_price": "0.08",
                            "instance_group.2648410127.ebs_config.#": "1",
                            "instance_group.2648410127.ebs_config.610103474.iops": "0",
                            "instance_group.2648410127.ebs_config.610103474.size": "100",
                            "instance_group.2648410127.ebs_config.610103474.type": "gp2",
                            "instance_group.2648410127.ebs_config.610103474.volumes_per_instance": "1",
                            "instance_group.2648410127.instance_count": "10",
                            "instance_group.2648410127.instance_role": "CORE",
                            "instance_group.2648410127.instance_type": "m4.xlarge",
                            "instance_group.2648410127.name": "bdth-emr.prod.instance.core.us-east-1",
                            "keep_job_flow_alive_when_no_steps": "true",
                            "kerberos_attributes.#": "0",
                            "log_uri": "s3n://bdth-emr-cluster-logs/bdth-prod-xbMwYR7HgYk/",
                            "master_public_dns": "ec2-34-200-238-33.compute-1.amazonaws.com",
                            "name": "bdth-emr.prod.emr-cluster.us-east-1",
                            "release_label": "emr-5.12.0",
                            "scale_down_behavior": "TERMINATE_AT_TASK_COMPLETION",
                            "security_configuration": "",
                            "service_role": "arn:aws:iam::728253853328:role/iam_emr_service_role",
                            "tags.%": "7",
                            "tags.Name": "bdth-emr.prod.emr-cluster.us-east-1",
                            "tags.bdth.environment": "prod",
                            "tags.bdth.environment-instance-id": "xbMwYR7HgYk",
                            "tags.bdth.failure-zone": "us-east-1",
                            "tags.bdth.instance-name": "emr-cluster-us-east-1",
                            "tags.bdth.instance-name-full": "bdth-emr.prod.emr-cluster.us-east-1",
                            "tags.bdth.subnet-type": "public",
                            "termination_protection": "false",
                            "visible_to_all_users": "true"
                        },
                        "meta": {},
                        "tainted": false
                    },
                    "deposed": [],
                    "provider": "provider.aws"
                },
                "aws_iam_instance_profile.emr_profile": {
                    "type": "aws_iam_instance_profile",
                    "depends_on": [
                        "aws_iam_role.iam_emr_profile_role"
                    ],
                    "primary": {
                        "id": "emr_profile",
                        "attributes": {
                            "arn": "arn:aws:iam::728253853328:instance-profile/emr_profile",
                            "id": "emr_profile",
                            "name": "emr_profile",
                            "path": "/",
                            "roles.#": "1",
                            "roles.3193005476": "iam_emr_profile_role",
                            "unique_id": "AIPAII5WBWRSO2JJNDLKK"
                        },
                        "meta": {},
                        "tainted": false
                    },
                    "deposed": [],
                    "provider": "provider.aws"
                },
                "aws_iam_role.iam_emr_profile_role": {
                    "type": "aws_iam_role",
                    "depends_on": [],
                    "primary": {
                        "id": "iam_emr_profile_role",
                        "attributes": {
                            "arn": "arn:aws:iam::728253853328:role/iam_emr_profile_role",
                            "assume_role_policy": "{\"Version\":\"2008-10-17\",\"Statement\":[{\"Sid\":\"\",\"Effect\":\"Allow\",\"Principal\":{\"Service\":\"ec2.amazonaws.com\"},\"Action\":\"sts:AssumeRole\"}]}",
                            "create_date": "2018-03-13T14:07:20Z",
                            "force_detach_policies": "false",
                            "id": "iam_emr_profile_role",
                            "name": "iam_emr_profile_role",
                            "path": "/",
                            "unique_id": "AROAIYUEAUOGA2QYGJA4C"
                        },
                        "meta": {},
                        "tainted": false
                    },
                    "deposed": [],
                    "provider": "provider.aws"
                },
                "aws_iam_role.iam_emr_service_role": {
                    "type": "aws_iam_role",
                    "depends_on": [],
                    "primary": {
                        "id": "iam_emr_service_role",
                        "attributes": {
                            "arn": "arn:aws:iam::728253853328:role/iam_emr_service_role",
                            "assume_role_policy": "{\"Version\":\"2008-10-17\",\"Statement\":[{\"Sid\":\"\",\"Effect\":\"Allow\",\"Principal\":{\"Service\":\"elasticmapreduce.amazonaws.com\"},\"Action\":\"sts:AssumeRole\"}]}",
                            "create_date": "2018-03-13T14:07:20Z",
                            "force_detach_policies": "false",
                            "id": "iam_emr_service_role",
                            "name": "iam_emr_service_role",
                            "path": "/",
                            "unique_id": "AROAJCW2YITPTPXBVL2OO"
                        },
                        "meta": {},
                        "tainted": false
                    },
                    "deposed": [],
                    "provider": "provider.aws"
                },
                "aws_iam_role_policy.iam_emr_profile_policy": {
                    "type": "aws_iam_role_policy",
                    "depends_on": [
                        "aws_iam_role.iam_emr_profile_role"
                    ],
                    "primary": {
                        "id": "iam_emr_profile_role:iam_emr_profile_policy",
                        "attributes": {
                            "id": "iam_emr_profile_role:iam_emr_profile_policy",
                            "name": "iam_emr_profile_policy",
                            "policy": "{\n    \"Version\": \"2012-10-17\",\n    \"Statement\": [{\n        \"Effect\": \"Allow\",\n        \"Resource\": \"*\",\n        \"Action\": [\n            \"cloudwatch:*\",\n            \"dynamodb:*\",\n            \"ec2:Describe*\",\n            \"elasticmapreduce:Describe*\",\n            \"elasticmapreduce:ListBootstrapActions\",\n            \"elasticmapreduce:ListClusters\",\n            \"elasticmapreduce:ListInstanceGroups\",\n            \"elasticmapreduce:ListInstances\",\n            \"elasticmapreduce:ListSteps\",\n            \"kinesis:CreateStream\",\n            \"kinesis:DeleteStream\",\n            \"kinesis:DescribeStream\",\n            \"kinesis:GetRecords\",\n            \"kinesis:GetShardIterator\",\n            \"kinesis:MergeShards\",\n            \"kinesis:PutRecord\",\n            \"kinesis:SplitShard\",\n            \"rds:Describe*\",\n            \"s3:*\",\n            \"sdb:*\",\n            \"sns:*\",\n            \"sqs:*\"\n        ]\n    }]\n}\n",
                            "role": "iam_emr_profile_role"
                        },
                        "meta": {},
                        "tainted": false
                    },
                    "deposed": [],
                    "provider": "provider.aws"
                },
                "aws_iam_role_policy.iam_emr_service_policy": {
                    "type": "aws_iam_role_policy",
                    "depends_on": [
                        "aws_iam_role.iam_emr_service_role"
                    ],
                    "primary": {
                        "id": "iam_emr_service_role:iam_emr_service_policy",
                        "attributes": {
                            "id": "iam_emr_service_role:iam_emr_service_policy",
                            "name": "iam_emr_service_policy",
                            "policy": "{\n    \"Version\": \"2012-10-17\",\n    \"Statement\": [{\n        \"Effect\": \"Allow\",\n        \"Resource\": \"*\",\n        \"Action\": [\n            \"ec2:AuthorizeSecurityGroupEgress\",\n            \"ec2:AuthorizeSecurityGroupIngress\",\n            \"ec2:CancelSpotInstanceRequests\",\n            \"ec2:CreateNetworkInterface\",\n            \"ec2:CreateSecurityGroup\",\n            \"ec2:CreateTags\",\n            \"ec2:DeleteNetworkInterface\",\n            \"ec2:DeleteSecurityGroup\",\n            \"ec2:DeleteTags\",\n            \"ec2:DescribeAvailabilityZones\",\n            \"ec2:DescribeAccountAttributes\",\n            \"ec2:DescribeDhcpOptions\",\n            \"ec2:DescribeInstanceStatus\",\n            \"ec2:DescribeInstances\",\n            \"ec2:DescribeKeyPairs\",\n            \"ec2:DescribeNetworkAcls\",\n            \"ec2:DescribeNetworkInterfaces\",\n            \"ec2:DescribePrefixLists\",\n            \"ec2:DescribeRouteTables\",\n            \"ec2:DescribeSecurityGroups\",\n            \"ec2:DescribeSpotInstanceRequests\",\n            \"ec2:DescribeSpotPriceHistory\",\n            \"ec2:DescribeSubnets\",\n            \"ec2:DescribeVpcAttribute\",\n            \"ec2:DescribeVpcEndpoints\",\n            \"ec2:DescribeVpcEndpointServices\",\n            \"ec2:DescribeVpcs\",\n            \"ec2:DetachNetworkInterface\",\n            \"ec2:ModifyImageAttribute\",\n            \"ec2:ModifyInstanceAttribute\",\n            \"ec2:RequestSpotInstances\",\n            \"ec2:RevokeSecurityGroupEgress\",\n            \"ec2:RunInstances\",\n            \"ec2:TerminateInstances\",\n            \"ec2:DeleteVolume\",\n            \"ec2:DescribeVolumeStatus\",\n            \"ec2:DescribeVolumes\",\n            \"ec2:DetachVolume\",\n            \"iam:GetRole\",\n            \"iam:GetRolePolicy\",\n            \"iam:ListInstanceProfiles\",\n            \"iam:ListRolePolicies\",\n            \"iam:PassRole\",\n            \"s3:CreateBucket\",\n            \"s3:Get*\",\n            \"s3:List*\",\n            \"sdb:BatchPutAttributes\",\n            \"sdb:Select\",\n            \"sqs:CreateQueue\",\n            \"sqs:Delete*\",\n            \"sqs:GetQueue*\",\n            \"sqs:PurgeQueue\",\n            \"sqs:ReceiveMessage\"\n        ]\n    }]\n}\n",
                            "role": "iam_emr_service_role"
                        },
                        "meta": {},
                        "tainted": false
                    },
                    "deposed": [],
                    "provider": "provider.aws"
                },
                "aws_internet_gateway.bdth_igw": {
                    "type": "aws_internet_gateway",
                    "depends_on": [
                        "aws_vpc.bdth_emr_vpc",
                        "random_id.env-instance"
                    ],
                    "primary": {
                        "id": "igw-626cbf1a",
                        "attributes": {
                            "id": "igw-626cbf1a",
                            "tags.%": "3",
                            "tags.Name": "bdth-emr.prod.igw.us-east-1",
                            "tags.bdth.environment": "prod",
                            "tags.bdth.environment-instance-id": "xbMwYR7HgYk",
                            "vpc_id": "vpc-2a3b8751"
                        },
                        "meta": {},
                        "tainted": false
                    },
                    "deposed": [],
                    "provider": "provider.aws"
                },
                "aws_route_table.private": {
                    "type": "aws_route_table",
                    "depends_on": [
                        "aws_internet_gateway.bdth_igw",
                        "aws_vpc.bdth_emr_vpc",
                        "random_id.env-instance"
                    ],
                    "primary": {
                        "id": "rtb-0471dd78",
                        "attributes": {
                            "id": "rtb-0471dd78",
                            "propagating_vgws.#": "0",
                            "route.#": "1",
                            "route.47130784.cidr_block": "0.0.0.0/0",
                            "route.47130784.egress_only_gateway_id": "",
                            "route.47130784.gateway_id": "igw-626cbf1a",
                            "route.47130784.instance_id": "",
                            "route.47130784.ipv6_cidr_block": "",
                            "route.47130784.nat_gateway_id": "",
                            "route.47130784.network_interface_id": "",
                            "route.47130784.vpc_peering_connection_id": "",
                            "tags.%": "3",
                            "tags.Name": "bdth-emr.prod.route-table.us-east-1-private",
                            "tags.bdth.environment": "prod",
                            "tags.bdth.environment-instance-id": "xbMwYR7HgYk",
                            "vpc_id": "vpc-2a3b8751"
                        },
                        "meta": {},
                        "tainted": false
                    },
                    "deposed": [],
                    "provider": "provider.aws"
                },
                "aws_route_table.public": {
                    "type": "aws_route_table",
                    "depends_on": [
                        "aws_internet_gateway.bdth_igw",
                        "aws_vpc.bdth_emr_vpc",
                        "random_id.env-instance"
                    ],
                    "primary": {
                        "id": "rtb-2c4fe350",
                        "attributes": {
                            "id": "rtb-2c4fe350",
                            "propagating_vgws.#": "0",
                            "route.#": "1",
                            "route.47130784.cidr_block": "0.0.0.0/0",
                            "route.47130784.egress_only_gateway_id": "",
                            "route.47130784.gateway_id": "igw-626cbf1a",
                            "route.47130784.instance_id": "",
                            "route.47130784.ipv6_cidr_block": "",
                            "route.47130784.nat_gateway_id": "",
                            "route.47130784.network_interface_id": "",
                            "route.47130784.vpc_peering_connection_id": "",
                            "tags.%": "3",
                            "tags.Name": "bdth-emr.prod.route-table.us-east-1-public",
                            "tags.bdth.environment": "prod",
                            "tags.bdth.environment-instance-id": "xbMwYR7HgYk",
                            "vpc_id": "vpc-2a3b8751"
                        },
                        "meta": {},
                        "tainted": false
                    },
                    "deposed": [],
                    "provider": "provider.aws"
                },
                "aws_route_table_association.az-1-public": {
                    "type": "aws_route_table_association",
                    "depends_on": [
                        "aws_route_table.public",
                        "aws_subnet.az-1-public"
                    ],
                    "primary": {
                        "id": "rtbassoc-4ba4af37",
                        "attributes": {
                            "id": "rtbassoc-4ba4af37",
                            "route_table_id": "rtb-2c4fe350",
                            "subnet_id": "subnet-9aafa7fe"
                        },
                        "meta": {},
                        "tainted": false
                    },
                    "deposed": [],
                    "provider": "provider.aws"
                },
                "aws_security_group.emr-master": {
                    "type": "aws_security_group",
                    "depends_on": [
                        "aws_vpc.bdth_emr_vpc",
                        "random_id.env-instance"
                    ],
                    "primary": {
                        "id": "sg-94a02be2",
                        "attributes": {
                            "description": "Security Group for public web ui apps",
                            "egress.#": "1",
                            "egress.482069346.cidr_blocks.#": "1",
                            "egress.482069346.cidr_blocks.0": "0.0.0.0/0",
                            "egress.482069346.description": "",
                            "egress.482069346.from_port": "0",
                            "egress.482069346.ipv6_cidr_blocks.#": "0",
                            "egress.482069346.prefix_list_ids.#": "0",
                            "egress.482069346.protocol": "-1",
                            "egress.482069346.security_groups.#": "0",
                            "egress.482069346.self": "false",
                            "egress.482069346.to_port": "0",
                            "id": "sg-94a02be2",
                            "ingress.#": "1",
                            "ingress.482069346.cidr_blocks.#": "1",
                            "ingress.482069346.cidr_blocks.0": "0.0.0.0/0",
                            "ingress.482069346.description": "",
                            "ingress.482069346.from_port": "0",
                            "ingress.482069346.ipv6_cidr_blocks.#": "0",
                            "ingress.482069346.protocol": "-1",
                            "ingress.482069346.security_groups.#": "0",
                            "ingress.482069346.self": "false",
                            "ingress.482069346.to_port": "0",
                            "name": "prod.bdth-sg.us-east-1-emr-master",
                            "owner_id": "728253853328",
                            "revoke_rules_on_delete": "false",
                            "tags.%": "3",
                            "tags.Name": "bdth-emr.prod.sg.us-east-1-emr-master",
                            "tags.bdth.environment": "prod",
                            "tags.bdth.environment-instance-id": "xbMwYR7HgYk",
                            "vpc_id": "vpc-2a3b8751"
                        },
                        "meta": {
                            "e2bfb730-ecaa-11e6-8f88-34363bc7c4c0": {
                                "create": 600000000000,
                                "delete": 600000000000
                            },
                            "schema_version": "1"
                        },
                        "tainted": false
                    },
                    "deposed": [],
                    "provider": "provider.aws"
                },
                "aws_security_group.emr-slave": {
                    "type": "aws_security_group",
                    "depends_on": [
                        "aws_vpc.bdth_emr_vpc",
                        "random_id.env-instance"
                    ],
                    "primary": {
                        "id": "sg-32ab2044",
                        "attributes": {
                            "description": "Security Group for public web ui apps",
                            "egress.#": "1",
                            "egress.482069346.cidr_blocks.#": "1",
                            "egress.482069346.cidr_blocks.0": "0.0.0.0/0",
                            "egress.482069346.description": "",
                            "egress.482069346.from_port": "0",
                            "egress.482069346.ipv6_cidr_blocks.#": "0",
                            "egress.482069346.prefix_list_ids.#": "0",
                            "egress.482069346.protocol": "-1",
                            "egress.482069346.security_groups.#": "0",
                            "egress.482069346.self": "false",
                            "egress.482069346.to_port": "0",
                            "id": "sg-32ab2044",
                            "ingress.#": "1",
                            "ingress.482069346.cidr_blocks.#": "1",
                            "ingress.482069346.cidr_blocks.0": "0.0.0.0/0",
                            "ingress.482069346.description": "",
                            "ingress.482069346.from_port": "0",
                            "ingress.482069346.ipv6_cidr_blocks.#": "0",
                            "ingress.482069346.protocol": "-1",
                            "ingress.482069346.security_groups.#": "0",
                            "ingress.482069346.self": "false",
                            "ingress.482069346.to_port": "0",
                            "name": "prod.bdth-sg.us-east-1-emr-slave",
                            "owner_id": "728253853328",
                            "revoke_rules_on_delete": "false",
                            "tags.%": "3",
                            "tags.Name": "bdth-emr.prod.sg.us-east-1-emr-slave",
                            "tags.bdth.environment": "prod",
                            "tags.bdth.environment-instance-id": "xbMwYR7HgYk",
                            "vpc_id": "vpc-2a3b8751"
                        },
                        "meta": {
                            "e2bfb730-ecaa-11e6-8f88-34363bc7c4c0": {
                                "create": 600000000000,
                                "delete": 600000000000
                            },
                            "schema_version": "1"
                        },
                        "tainted": false
                    },
                    "deposed": [],
                    "provider": "provider.aws"
                },
                "aws_subnet.az-1-public": {
                    "type": "aws_subnet",
                    "depends_on": [
                        "aws_vpc.bdth_emr_vpc",
                        "random_id.env-instance"
                    ],
                    "primary": {
                        "id": "subnet-9aafa7fe",
                        "attributes": {
                            "assign_ipv6_address_on_creation": "false",
                            "availability_zone": "us-east-1a",
                            "cidr_block": "10.0.0.0/24",
                            "id": "subnet-9aafa7fe",
                            "map_public_ip_on_launch": "true",
                            "tags.%": "4",
                            "tags.Name": "bdth-emr.prod.subnet.us-east-1a-public",
                            "tags.bdth.environment": "prod",
                            "tags.bdth.environment-instance-id": "xbMwYR7HgYk",
                            "tags.bdth.failure-zone": "us-east-1-az-1",
                            "vpc_id": "vpc-2a3b8751"
                        },
                        "meta": {
                            "schema_version": "1"
                        },
                        "tainted": false
                    },
                    "deposed": [],
                    "provider": "provider.aws"
                },
                "aws_vpc.bdth_emr_vpc": {
                    "type": "aws_vpc",
                    "depends_on": [
                        "random_id.env-instance"
                    ],
                    "primary": {
                        "id": "vpc-2a3b8751",
                        "attributes": {
                            "assign_generated_ipv6_cidr_block": "false",
                            "cidr_block": "10.0.0.0/16",
                            "default_network_acl_id": "acl-0db0b876",
                            "default_route_table_id": "rtb-b75ef2cb",
                            "default_security_group_id": "sg-e5a22993",
                            "dhcp_options_id": "dopt-f02aef88",
                            "enable_classiclink": "false",
                            "enable_classiclink_dns_support": "false",
                            "enable_dns_hostnames": "true",
                            "enable_dns_support": "true",
                            "id": "vpc-2a3b8751",
                            "instance_tenancy": "default",
                            "main_route_table_id": "rtb-b75ef2cb",
                            "tags.%": "3",
                            "tags.Name": "bdth-emr.prod.vpc.us-east-1",
                            "tags.bdth.environment": "prod",
                            "tags.bdth.environment-instance-id": "xbMwYR7HgYk"
                        },
                        "meta": {
                            "schema_version": "1"
                        },
                        "tainted": false
                    },
                    "deposed": [],
                    "provider": "provider.aws"
                },
                "random_id.env-instance": {
                    "type": "random_id",
                    "depends_on": [],
                    "primary": {
                        "id": "xbMwYR7HgYk",
                        "attributes": {
                            "b64": "xbMwYR7HgYk",
                            "b64_std": "xbMwYR7HgYk=",
                            "b64_url": "xbMwYR7HgYk",
                            "byte_length": "8",
                            "dec": "14245783239989363081",
                            "hex": "c5b330611ec78189",
                            "id": "xbMwYR7HgYk"
                        },
                        "meta": {},
                        "tainted": false
                    },
                    "deposed": [],
                    "provider": "provider.random"
                }
            },
            "depends_on": []
        }
    ]
}
